
Microsoft Visual Studio Solution File, Format Version 12.00
# Visual Studio 15
VisualStudioVersion = 15.0.27130.2010
MinimumVisualStudioVersion = 10.0.40219.1
Project("{FAE04EC0-301F-11D3-BF4B-00C04F79EFBC}") = "SharpDocx v3.5", "SharpDocx\SharpDocx v3.5.csproj", "{3625DCAA-23AB-4A48-BC85-ACE238E0F530}"
EndProject
Project("{FAE04EC0-301F-11D3-BF4B-00C04F79EFBC}") = "SharpDocx v4.5", "SharpDocx\SharpDocx v4.5.csproj", "{AF62A285-DA04-4C5E-9FCC-7D8FDD96776A}"
EndProject
Project("{FAE04EC0-301F-11D3-BF4B-00C04F79EFBC}") = "Tutorial", "Samples\SampleProjects\Tutorial\Tutorial.csproj", "{2ED2D5D4-0AA3-4DFC-B249-3941340DF1C2}"
EndProject
Project("{2150E333-8FDC-42A3-9474-1A3956D46DE8}") = "Samples", "Samples", "{60ACA8F2-9057-4F58-ABF4-0278D2968EEA}"
EndProject
Project("{FAE04EC0-301F-11D3-BF4B-00C04F79EFBC}") = "Model", "Samples\SampleProjects\Model\Model.csproj", "{2FE721A4-A9CA-486F-A827-B796A8FDF667}"
EndProject
Project("{FAE04EC0-301F-11D3-BF4B-00C04F79EFBC}") = "Inheritance", "Samples\SampleProjects\Inheritance\Inheritance.csproj", "{3D8D60E1-5B3B-47B7-97E5-996F8906DF76}"
EndProject
Project("{2150E333-8FDC-42A3-9474-1A3956D46DE8}") = "Views", "Views", "{28BE5D1E-9170-44D4-89C4-A0C8086021CC}"
	ProjectSection(SolutionItems) = preProject
		Samples\Views\Inheritance.cs.docx = Samples\Views\Inheritance.cs.docx
		Samples\Views\Model.cs.docx = Samples\Views\Model.cs.docx
		Samples\Views\Tutorial.cs.docx = Samples\Views\Tutorial.cs.docx
	EndProjectSection
EndProject
Project("{2150E333-8FDC-42A3-9474-1A3956D46DE8}") = "Documents", "Documents", "{985BA596-7B45-4F2B-9A9E-A712408AF9D8}"
	ProjectSection(SolutionItems) = preProject
		Samples\Documents\Inheritance.docx = Samples\Documents\Inheritance.docx
		Samples\Documents\Model.docx = Samples\Documents\Model.docx
		Samples\Documents\Tutorial.docx = Samples\Documents\Tutorial.docx
	EndProjectSection
EndProject
Global
	GlobalSection(SolutionConfigurationPlatforms) = preSolution
		Debug|Any CPU = Debug|Any CPU
		Release|Any CPU = Release|Any CPU
	EndGlobalSection
	GlobalSection(ProjectConfigurationPlatforms) = postSolution
		{3625DCAA-23AB-4A48-BC85-ACE238E0F530}.Debug|Any CPU.ActiveCfg = Debug|Any CPU
		{3625DCAA-23AB-4A48-BC85-ACE238E0F530}.Debug|Any CPU.Build.0 = Debug|Any CPU
		{3625DCAA-23AB-4A48-BC85-ACE238E0F530}.Release|Any CPU.ActiveCfg = Release|Any CPU
		{3625DCAA-23AB-4A48-BC85-ACE238E0F530}.Release|Any CPU.Build.0 = Release|Any CPU
		{AF62A285-DA04-4C5E-9FCC-7D8FDD96776A}.Debug|Any CPU.ActiveCfg = Debug|Any CPU
		{AF62A285-DA04-4C5E-9FCC-7D8FDD96776A}.Debug|Any CPU.Build.0 = Debug|Any CPU
		{AF62A285-DA04-4C5E-9FCC-7D8FDD96776A}.Release|Any CPU.ActiveCfg = Release|Any CPU
		{AF62A285-DA04-4C5E-9FCC-7D8FDD96776A}.Release|Any CPU.Build.0 = Release|Any CPU
		{2ED2D5D4-0AA3-4DFC-B249-3941340DF1C2}.Debug|Any CPU.ActiveCfg = Debug|Any CPU
		{2ED2D5D4-0AA3-4DFC-B249-3941340DF1C2}.Debug|Any CPU.Build.0 = Debug|Any CPU
		{2ED2D5D4-0AA3-4DFC-B249-3941340DF1C2}.Release|Any CPU.ActiveCfg = Release|Any CPU
		{2ED2D5D4-0AA3-4DFC-B249-3941340DF1C2}.Release|Any CPU.Build.0 = Release|Any CPU
		{2FE721A4-A9CA-486F-A827-B796A8FDF667}.Debug|Any CPU.ActiveCfg = Debug|Any CPU
		{2FE721A4-A9CA-486F-A827-B796A8FDF667}.Debug|Any CPU.Build.0 = Debug|Any CPU
		{2FE721A4-A9CA-486F-A827-B796A8FDF667}.Release|Any CPU.ActiveCfg = Release|Any CPU
		{2FE721A4-A9CA-486F-A827-B796A8FDF667}.Release|Any CPU.Build.0 = Release|Any CPU
		{3D8D60E1-5B3B-47B7-97E5-996F8906DF76}.Debug|Any CPU.ActiveCfg = Debug|Any CPU
		{3D8D60E1-5B3B-47B7-97E5-996F8906DF76}.Debug|Any CPU.Build.0 = Debug|Any CPU
		{3D8D60E1-5B3B-47B7-97E5-996F8906DF76}.Release|Any CPU.ActiveCfg = Release|Any CPU
		{3D8D60E1-5B3B-47B7-97E5-996F8906DF76}.Release|Any CPU.Build.0 = Release|Any CPU
	EndGlobalSection
	GlobalSection(SolutionProperties) = preSolution
		HideSolutionNode = FALSE
	EndGlobalSection
	GlobalSection(NestedProjects) = preSolution
		{2ED2D5D4-0AA3-4DFC-B249-3941340DF1C2} = {60ACA8F2-9057-4F58-ABF4-0278D2968EEA}
		{2FE721A4-A9CA-486F-A827-B796A8FDF667} = {60ACA8F2-9057-4F58-ABF4-0278D2968EEA}
		{3D8D60E1-5B3B-47B7-97E5-996F8906DF76} = {60ACA8F2-9057-4F58-ABF4-0278D2968EEA}
		{28BE5D1E-9170-44D4-89C4-A0C8086021CC} = {60ACA8F2-9057-4F58-ABF4-0278D2968EEA}
		{985BA596-7B45-4F2B-9A9E-A712408AF9D8} = {60ACA8F2-9057-4F58-ABF4-0278D2968EEA}
	EndGlobalSection
	GlobalSection(ExtensibilityGlobals) = postSolution
		SolutionGuid = {F682D28B-E23F-4280-9FE6-AB5ABFDCB3F2}
	EndGlobalSection
EndGlobal
